
Microsoft Visual Studio Solution File, Format Version 12.00
# Visual Studio Version 17
VisualStudioVersion = 17.11.35327.3
MinimumVisualStudioVersion = 10.0.40219.1
Project("{FAE04EC0-301F-11D3-BF4B-00C04F79EFBC}") = "ProyectoMovilBackend", "ProyectoMovilBackend.csproj", "{46D9B819-79E8-4C3B-828F-85406B821159}"
EndProject
Project("{FAE04EC0-301F-11D3-BF4B-00C04F79EFBC}") = "ApiRestMovil", "..\ApiRestMovil\ApiRestMovil.csproj", "{88375AC8-AE28-477D-8878-81208A59138D}"
EndProject
Global
	GlobalSection(SolutionConfigurationPlatforms) = preSolution
		Debug|Any CPU = Debug|Any CPU
		Release|Any CPU = Release|Any CPU
	EndGlobalSection
	GlobalSection(ProjectConfigurationPlatforms) = postSolution
		{46D9B819-79E8-4C3B-828F-85406B821159}.Debug|Any CPU.ActiveCfg = Debug|Any CPU
		{46D9B819-79E8-4C3B-828F-85406B821159}.Debug|Any CPU.Build.0 = Debug|Any CPU
		{46D9B819-79E8-4C3B-828F-85406B821159}.Release|Any CPU.ActiveCfg = Release|Any CPU
		{46D9B819-79E8-4C3B-828F-85406B821159}.Release|Any CPU.Build.0 = Release|Any CPU
		{88375AC8-AE28-477D-8878-81208A59138D}.Debug|Any CPU.ActiveCfg = Debug|Any CPU
		{88375AC8-AE28-477D-8878-81208A59138D}.Debug|Any CPU.Build.0 = Debug|Any CPU
		{88375AC8-AE28-477D-8878-81208A59138D}.Release|Any CPU.ActiveCfg = Release|Any CPU
		{88375AC8-AE28-477D-8878-81208A59138D}.Release|Any CPU.Build.0 = Release|Any CPU
	EndGlobalSection
	GlobalSection(SolutionProperties) = preSolution
		HideSolutionNode = FALSE
	EndGlobalSection
	GlobalSection(ExtensibilityGlobals) = postSolution
		SolutionGuid = {1233C4AD-A087-44C7-B298-C7C794336CAD}
	EndGlobalSection
EndGlobal
